
Microsoft Visual Studio Solution File, Format Version 12.00
# Visual Studio Version 16
VisualStudioVersion = 16.0.31624.102
MinimumVisualStudioVersion = 10.0.40219.1
Project("{FAE04EC0-301F-11D3-BF4B-00C04F79EFBC}") = "File-UI", "File-UI\File-UI.csproj", "{270E3A75-21EC-40E6-8F99-CF500E41605D}"
EndProject
Global
	GlobalSection(SolutionConfigurationPlatforms) = preSolution
		Debug|Any CPU = Debug|Any CPU
		Release|Any CPU = Release|Any CPU
	EndGlobalSection
	GlobalSection(ProjectConfigurationPlatforms) = postSolution
		{270E3A75-21EC-40E6-8F99-CF500E41605D}.Debug|Any CPU.ActiveCfg = Debug|Any CPU
		{270E3A75-21EC-40E6-8F99-CF500E41605D}.Debug|Any CPU.Build.0 = Debug|Any CPU
		{270E3A75-21EC-40E6-8F99-CF500E41605D}.Release|Any CPU.ActiveCfg = Release|Any CPU
		{270E3A75-21EC-40E6-8F99-CF500E41605D}.Release|Any CPU.Build.0 = Release|Any CPU
	EndGlobalSection
	GlobalSection(SolutionProperties) = preSolution
		HideSolutionNode = FALSE
	EndGlobalSection
	GlobalSection(ExtensibilityGlobals) = postSolution
		SolutionGuid = {041860E5-22BD-4D9C-AC73-70AF6815A0ED}
	EndGlobalSection
EndGlobal
